// !$*UTF8*$!
{
	archiveVersion = 1;
	classes = {
	};
	objectVersion = 51;
	objects = {

/* Begin PBXBuildFile section */
		0219AC7DC263A930B9163C7D /* Pods_Flix.framework in Frameworks */ = {isa = PBXBuildFile; fileRef = 4C9C4C07639F99B54004721F /* Pods_Flix.framework */; };
		E69D0F08F6646B78CB1F7EC6 /* Pods_FlixTests.framework in Frameworks */ = {isa = PBXBuildFile; fileRef = 06BD5EB57454238671600DDE /* Pods_FlixTests.framework */; };
		ED1619A824A3B847003ACBE3 /* AppDelegate.m in Sources */ = {isa = PBXBuildFile; fileRef = ED1619A724A3B847003ACBE3 /* AppDelegate.m */; };
		ED1619AB24A3B847003ACBE3 /* SceneDelegate.m in Sources */ = {isa = PBXBuildFile; fileRef = ED1619AA24A3B847003ACBE3 /* SceneDelegate.m */; };
		ED1619B124A3B847003ACBE3 /* Main.storyboard in Resources */ = {isa = PBXBuildFile; fileRef = ED1619AF24A3B847003ACBE3 /* Main.storyboard */; };
		ED1619B324A3B847003ACBE3 /* Assets.xcassets in Resources */ = {isa = PBXBuildFile; fileRef = ED1619B224A3B847003ACBE3 /* Assets.xcassets */; };
		ED1619B624A3B847003ACBE3 /* LaunchScreen.storyboard in Resources */ = {isa = PBXBuildFile; fileRef = ED1619B424A3B847003ACBE3 /* LaunchScreen.storyboard */; };
		ED1619B924A3B847003ACBE3 /* main.m in Sources */ = {isa = PBXBuildFile; fileRef = ED1619B824A3B847003ACBE3 /* main.m */; };
		ED1619C324A3B847003ACBE3 /* FlixTests.m in Sources */ = {isa = PBXBuildFile; fileRef = ED1619C224A3B847003ACBE3 /* FlixTests.m */; };
		ED1619CE24A3B847003ACBE3 /* FlixUITests.m in Sources */ = {isa = PBXBuildFile; fileRef = ED1619CD24A3B847003ACBE3 /* FlixUITests.m */; };
		ED1619DD24A3C3F7003ACBE3 /* MoviesViewController.m in Sources */ = {isa = PBXBuildFile; fileRef = ED1619DC24A3C3F7003ACBE3 /* MoviesViewController.m */; };
		EDA06F3324A53D4E0085A94F /* DetailsViewController.m in Sources */ = {isa = PBXBuildFile; fileRef = EDA06F3224A53D4E0085A94F /* DetailsViewController.m */; };
		EDA06F3624A590A00085A94F /* MoviesGridViewController.m in Sources */ = {isa = PBXBuildFile; fileRef = EDA06F3524A590A00085A94F /* MoviesGridViewController.m */; };
		EDA06F3924A598FC0085A94F /* MovieCollectionCell.m in Sources */ = {isa = PBXBuildFile; fileRef = EDA06F3824A598FC0085A94F /* MovieCollectionCell.m */; };
		EDDCC36A24A3F6D4003AAD45 /* MovieCell.m in Sources */ = {isa = PBXBuildFile; fileRef = EDDCC36924A3F6D4003AAD45 /* MovieCell.m */; };
		F2A5E2BC8FE0D245F96F6DBF /* Pods_Flix_FlixUITests.framework in Frameworks */ = {isa = PBXBuildFile; fileRef = 346636DD7D10EA77BF6BB64E /* Pods_Flix_FlixUITests.framework */; };
/* End PBXBuildFile section */

/* Begin PBXContainerItemProxy section */
		ED1619BF24A3B847003ACBE3 /* PBXContainerItemProxy */ = {
			isa = PBXContainerItemProxy;
			containerPortal = ED16199B24A3B847003ACBE3 /* Project object */;
			proxyType = 1;
			remoteGlobalIDString = ED1619A224A3B847003ACBE3;
			remoteInfo = Flix;
		};
		ED1619CA24A3B847003ACBE3 /* PBXContainerItemProxy */ = {
			isa = PBXContainerItemProxy;
			containerPortal = ED16199B24A3B847003ACBE3 /* Project object */;
			proxyType = 1;
			remoteGlobalIDString = ED1619A224A3B847003ACBE3;
			remoteInfo = Flix;
		};
/* End PBXContainerItemProxy section */

/* Begin PBXFileReference section */
		06BD5EB57454238671600DDE /* Pods_FlixTests.framework */ = {isa = PBXFileReference; explicitFileType = wrapper.framework; includeInIndex = 0; path = Pods_FlixTests.framework; sourceTree = BUILT_PRODUCTS_DIR; };
		23445A48CB61D79079997B34 /* Pods-Flix-FlixUITests.release.xcconfig */ = {isa = PBXFileReference; includeInIndex = 1; lastKnownFileType = text.xcconfig; name = "Pods-Flix-FlixUITests.release.xcconfig"; path = "Target Support Files/Pods-Flix-FlixUITests/Pods-Flix-FlixUITests.release.xcconfig"; sourceTree = "<group>"; };
		2CB6806E64D99D2C2B370B41 /* Pods-Flix-FlixUITests.debug.xcconfig */ = {isa = PBXFileReference; includeInIndex = 1; lastKnownFileType = text.xcconfig; name = "Pods-Flix-FlixUITests.debug.xcconfig"; path = "Target Support Files/Pods-Flix-FlixUITests/Pods-Flix-FlixUITests.debug.xcconfig"; sourceTree = "<group>"; };
		346636DD7D10EA77BF6BB64E /* Pods_Flix_FlixUITests.framework */ = {isa = PBXFileReference; explicitFileType = wrapper.framework; includeInIndex = 0; path = Pods_Flix_FlixUITests.framework; sourceTree = BUILT_PRODUCTS_DIR; };
		4C9C4C07639F99B54004721F /* Pods_Flix.framework */ = {isa = PBXFileReference; explicitFileType = wrapper.framework; includeInIndex = 0; path = Pods_Flix.framework; sourceTree = BUILT_PRODUCTS_DIR; };
		4E844EEF1EE68CA4E7E124EF /* Pods-FlixTests.release.xcconfig */ = {isa = PBXFileReference; includeInIndex = 1; lastKnownFileType = text.xcconfig; name = "Pods-FlixTests.release.xcconfig"; path = "Target Support Files/Pods-FlixTests/Pods-FlixTests.release.xcconfig"; sourceTree = "<group>"; };
		676301B339C694BA23971109 /* Pods-Flix.debug.xcconfig */ = {isa = PBXFileReference; includeInIndex = 1; lastKnownFileType = text.xcconfig; name = "Pods-Flix.debug.xcconfig"; path = "Target Support Files/Pods-Flix/Pods-Flix.debug.xcconfig"; sourceTree = "<group>"; };
		9559E55CADFDDF9EF1AC58DB /* Pods-Flix.release.xcconfig */ = {isa = PBXFileReference; includeInIndex = 1; lastKnownFileType = text.xcconfig; name = "Pods-Flix.release.xcconfig"; path = "Target Support Files/Pods-Flix/Pods-Flix.release.xcconfig"; sourceTree = "<group>"; };
		E7039E7F79FE6BE5FEF56F8C /* Pods-FlixTests.debug.xcconfig */ = {isa = PBXFileReference; includeInIndex = 1; lastKnownFileType = text.xcconfig; name = "Pods-FlixTests.debug.xcconfig"; path = "Target Support Files/Pods-FlixTests/Pods-FlixTests.debug.xcconfig"; sourceTree = "<group>"; };
		ED1619A324A3B847003ACBE3 /* Flix.app */ = {isa = PBXFileReference; explicitFileType = wrapper.application; includeInIndex = 0; path = Flix.app; sourceTree = BUILT_PRODUCTS_DIR; };
		ED1619A624A3B847003ACBE3 /* AppDelegate.h */ = {isa = PBXFileReference; lastKnownFileType = sourcecode.c.h; path = AppDelegate.h; sourceTree = "<group>"; };
		ED1619A724A3B847003ACBE3 /* AppDelegate.m */ = {isa = PBXFileReference; lastKnownFileType = sourcecode.c.objc; path = AppDelegate.m; sourceTree = "<group>"; };
		ED1619A924A3B847003ACBE3 /* SceneDelegate.h */ = {isa = PBXFileReference; lastKnownFileType = sourcecode.c.h; path = SceneDelegate.h; sourceTree = "<group>"; };
		ED1619AA24A3B847003ACBE3 /* SceneDelegate.m */ = {isa = PBXFileReference; lastKnownFileType = sourcecode.c.objc; path = SceneDelegate.m; sourceTree = "<group>"; };
		ED1619B024A3B847003ACBE3 /* Base */ = {isa = PBXFileReference; lastKnownFileType = file.storyboard; name = Base; path = Base.lproj/Main.storyboard; sourceTree = "<group>"; };
		ED1619B224A3B847003ACBE3 /* Assets.xcassets */ = {isa = PBXFileReference; lastKnownFileType = folder.assetcatalog; path = Assets.xcassets; sourceTree = "<group>"; };
		ED1619B524A3B847003ACBE3 /* Base */ = {isa = PBXFileReference; lastKnownFileType = file.storyboard; name = Base; path = Base.lproj/LaunchScreen.storyboard; sourceTree = "<group>"; };
		ED1619B724A3B847003ACBE3 /* Info.plist */ = {isa = PBXFileReference; lastKnownFileType = text.plist.xml; path = Info.plist; sourceTree = "<group>"; };
		ED1619B824A3B847003ACBE3 /* main.m */ = {isa = PBXFileReference; lastKnownFileType = sourcecode.c.objc; path = main.m; sourceTree = "<group>"; };
		ED1619BE24A3B847003ACBE3 /* FlixTests.xctest */ = {isa = PBXFileReference; explicitFileType = wrapper.cfbundle; includeInIndex = 0; path = FlixTests.xctest; sourceTree = BUILT_PRODUCTS_DIR; };
		ED1619C224A3B847003ACBE3 /* FlixTests.m */ = {isa = PBXFileReference; lastKnownFileType = sourcecode.c.objc; path = FlixTests.m; sourceTree = "<group>"; };
		ED1619C424A3B847003ACBE3 /* Info.plist */ = {isa = PBXFileReference; lastKnownFileType = text.plist.xml; path = Info.plist; sourceTree = "<group>"; };
		ED1619C924A3B847003ACBE3 /* FlixUITests.xctest */ = {isa = PBXFileReference; explicitFileType = wrapper.cfbundle; includeInIndex = 0; path = FlixUITests.xctest; sourceTree = BUILT_PRODUCTS_DIR; };
		ED1619CD24A3B847003ACBE3 /* FlixUITests.m */ = {isa = PBXFileReference; lastKnownFileType = sourcecode.c.objc; path = FlixUITests.m; sourceTree = "<group>"; };
		ED1619CF24A3B847003ACBE3 /* Info.plist */ = {isa = PBXFileReference; lastKnownFileType = text.plist.xml; path = Info.plist; sourceTree = "<group>"; };
		ED1619DB24A3C3F7003ACBE3 /* MoviesViewController.h */ = {isa = PBXFileReference; lastKnownFileType = sourcecode.c.h; path = MoviesViewController.h; sourceTree = "<group>"; };
		ED1619DC24A3C3F7003ACBE3 /* MoviesViewController.m */ = {isa = PBXFileReference; lastKnownFileType = sourcecode.c.objc; path = MoviesViewController.m; sourceTree = "<group>"; };
		EDA06F3124A53D4E0085A94F /* DetailsViewController.h */ = {isa = PBXFileReference; lastKnownFileType = sourcecode.c.h; path = DetailsViewController.h; sourceTree = "<group>"; };
		EDA06F3224A53D4E0085A94F /* DetailsViewController.m */ = {isa = PBXFileReference; lastKnownFileType = sourcecode.c.objc; path = DetailsViewController.m; sourceTree = "<group>"; };
		EDA06F3424A590A00085A94F /* MoviesGridViewController.h */ = {isa = PBXFileReference; lastKnownFileType = sourcecode.c.h; path = MoviesGridViewController.h; sourceTree = "<group>"; };
		EDA06F3524A590A00085A94F /* MoviesGridViewController.m */ = {isa = PBXFileReference; lastKnownFileType = sourcecode.c.objc; path = MoviesGridViewController.m; sourceTree = "<group>"; };
		EDA06F3724A598FC0085A94F /* MovieCollectionCell.h */ = {isa = PBXFileReference; lastKnownFileType = sourcecode.c.h; path = MovieCollectionCell.h; sourceTree = "<group>"; };
		EDA06F3824A598FC0085A94F /* MovieCollectionCell.m */ = {isa = PBXFileReference; lastKnownFileType = sourcecode.c.objc; path = MovieCollectionCell.m; sourceTree = "<group>"; };
		EDDCC36824A3F6D4003AAD45 /* MovieCell.h */ = {isa = PBXFileReference; lastKnownFileType = sourcecode.c.h; path = MovieCell.h; sourceTree = "<group>"; };
		EDDCC36924A3F6D4003AAD45 /* MovieCell.m */ = {isa = PBXFileReference; lastKnownFileType = sourcecode.c.objc; path = MovieCell.m; sourceTree = "<group>"; };
/* End PBXFileReference section */

/* Begin PBXFrameworksBuildPhase section */
		ED1619A024A3B847003ACBE3 /* Frameworks */ = {
			isa = PBXFrameworksBuildPhase;
			buildActionMask = 2147483647;
			files = (
				0219AC7DC263A930B9163C7D /* Pods_Flix.framework in Frameworks */,
			);
			runOnlyForDeploymentPostprocessing = 0;
		};
		ED1619BB24A3B847003ACBE3 /* Frameworks */ = {
			isa = PBXFrameworksBuildPhase;
			buildActionMask = 2147483647;
			files = (
				E69D0F08F6646B78CB1F7EC6 /* Pods_FlixTests.framework in Frameworks */,
			);
			runOnlyForDeploymentPostprocessing = 0;
		};
		ED1619C624A3B847003ACBE3 /* Frameworks */ = {
			isa = PBXFrameworksBuildPhase;
			buildActionMask = 2147483647;
			files = (
				F2A5E2BC8FE0D245F96F6DBF /* Pods_Flix_FlixUITests.framework in Frameworks */,
			);
			runOnlyForDeploymentPostprocessing = 0;
		};
/* End PBXFrameworksBuildPhase section */

/* Begin PBXGroup section */
		2FC33860E4A6513289D8381C /* Frameworks */ = {
			isa = PBXGroup;
			children = (
				4C9C4C07639F99B54004721F /* Pods_Flix.framework */,
				346636DD7D10EA77BF6BB64E /* Pods_Flix_FlixUITests.framework */,
				06BD5EB57454238671600DDE /* Pods_FlixTests.framework */,
			);
			name = Frameworks;
			sourceTree = "<group>";
		};
		77249F7DD0ED0F28E64B4040 /* Pods */ = {
			isa = PBXGroup;
			children = (
				676301B339C694BA23971109 /* Pods-Flix.debug.xcconfig */,
				9559E55CADFDDF9EF1AC58DB /* Pods-Flix.release.xcconfig */,
				2CB6806E64D99D2C2B370B41 /* Pods-Flix-FlixUITests.debug.xcconfig */,
				23445A48CB61D79079997B34 /* Pods-Flix-FlixUITests.release.xcconfig */,
				E7039E7F79FE6BE5FEF56F8C /* Pods-FlixTests.debug.xcconfig */,
				4E844EEF1EE68CA4E7E124EF /* Pods-FlixTests.release.xcconfig */,
			);
			path = Pods;
			sourceTree = "<group>";
		};
		ED16199A24A3B847003ACBE3 = {
			isa = PBXGroup;
			children = (
				ED1619A524A3B847003ACBE3 /* Flix */,
				ED1619C124A3B847003ACBE3 /* FlixTests */,
				ED1619CC24A3B847003ACBE3 /* FlixUITests */,
				ED1619A424A3B847003ACBE3 /* Products */,
				77249F7DD0ED0F28E64B4040 /* Pods */,
				2FC33860E4A6513289D8381C /* Frameworks */,
			);
			sourceTree = "<group>";
		};
		ED1619A424A3B847003ACBE3 /* Products */ = {
			isa = PBXGroup;
			children = (
				ED1619A324A3B847003ACBE3 /* Flix.app */,
				ED1619BE24A3B847003ACBE3 /* FlixTests.xctest */,
				ED1619C924A3B847003ACBE3 /* FlixUITests.xctest */,
			);
			name = Products;
			sourceTree = "<group>";
		};
		ED1619A524A3B847003ACBE3 /* Flix */ = {
			isa = PBXGroup;
			children = (
				ED1619E024A3C558003ACBE3 /* Models */,
				ED1619DF24A3C550003ACBE3 /* Views */,
				ED1619DE24A3C540003ACBE3 /* View Controllers */,
				ED1619A624A3B847003ACBE3 /* AppDelegate.h */,
				ED1619A724A3B847003ACBE3 /* AppDelegate.m */,
				ED1619A924A3B847003ACBE3 /* SceneDelegate.h */,
				ED1619AA24A3B847003ACBE3 /* SceneDelegate.m */,
				ED1619AF24A3B847003ACBE3 /* Main.storyboard */,
				ED1619B224A3B847003ACBE3 /* Assets.xcassets */,
				ED1619B424A3B847003ACBE3 /* LaunchScreen.storyboard */,
				ED1619B724A3B847003ACBE3 /* Info.plist */,
				ED1619B824A3B847003ACBE3 /* main.m */,
			);
			path = Flix;
			sourceTree = "<group>";
		};
		ED1619C124A3B847003ACBE3 /* FlixTests */ = {
			isa = PBXGroup;
			children = (
				ED1619C224A3B847003ACBE3 /* FlixTests.m */,
				ED1619C424A3B847003ACBE3 /* Info.plist */,
			);
			path = FlixTests;
			sourceTree = "<group>";
		};
		ED1619CC24A3B847003ACBE3 /* FlixUITests */ = {
			isa = PBXGroup;
			children = (
				ED1619CD24A3B847003ACBE3 /* FlixUITests.m */,
				ED1619CF24A3B847003ACBE3 /* Info.plist */,
			);
			path = FlixUITests;
			sourceTree = "<group>";
		};
		ED1619DE24A3C540003ACBE3 /* View Controllers */ = {
			isa = PBXGroup;
			children = (
				ED1619DB24A3C3F7003ACBE3 /* MoviesViewController.h */,
				ED1619DC24A3C3F7003ACBE3 /* MoviesViewController.m */,
				EDA06F3124A53D4E0085A94F /* DetailsViewController.h */,
				EDA06F3224A53D4E0085A94F /* DetailsViewController.m */,
				EDA06F3424A590A00085A94F /* MoviesGridViewController.h */,
				EDA06F3524A590A00085A94F /* MoviesGridViewController.m */,
			);
			path = "View Controllers";
			sourceTree = "<group>";
		};
		ED1619DF24A3C550003ACBE3 /* Views */ = {
			isa = PBXGroup;
			children = (
				EDDCC36824A3F6D4003AAD45 /* MovieCell.h */,
				EDDCC36924A3F6D4003AAD45 /* MovieCell.m */,
				EDA06F3724A598FC0085A94F /* MovieCollectionCell.h */,
				EDA06F3824A598FC0085A94F /* MovieCollectionCell.m */,
			);
			path = Views;
			sourceTree = "<group>";
		};
		ED1619E024A3C558003ACBE3 /* Models */ = {
			isa = PBXGroup;
			children = (
			);
			path = Models;
			sourceTree = "<group>";
		};
/* End PBXGroup section */

/* Begin PBXNativeTarget section */
		ED1619A224A3B847003ACBE3 /* Flix */ = {
			isa = PBXNativeTarget;
			buildConfigurationList = ED1619D224A3B847003ACBE3 /* Build configuration list for PBXNativeTarget "Flix" */;
			buildPhases = (
				48862B58E9173DF122362FD2 /* [CP] Check Pods Manifest.lock */,
				ED16199F24A3B847003ACBE3 /* Sources */,
				ED1619A024A3B847003ACBE3 /* Frameworks */,
				ED1619A124A3B847003ACBE3 /* Resources */,
				D89A058E9AF095F566A2245A /* [CP] Embed Pods Frameworks */,
			);
			buildRules = (
			);
			dependencies = (
			);
			name = Flix;
			productName = Flix;
			productReference = ED1619A324A3B847003ACBE3 /* Flix.app */;
			productType = "com.apple.product-type.application";
		};
		ED1619BD24A3B847003ACBE3 /* FlixTests */ = {
			isa = PBXNativeTarget;
			buildConfigurationList = ED1619D524A3B847003ACBE3 /* Build configuration list for PBXNativeTarget "FlixTests" */;
			buildPhases = (
				71FEF9DBC5BF4506AE8FFD1A /* [CP] Check Pods Manifest.lock */,
				ED1619BA24A3B847003ACBE3 /* Sources */,
				ED1619BB24A3B847003ACBE3 /* Frameworks */,
				ED1619BC24A3B847003ACBE3 /* Resources */,
			);
			buildRules = (
			);
			dependencies = (
				ED1619C024A3B847003ACBE3 /* PBXTargetDependency */,
			);
			name = FlixTests;
			productName = FlixTests;
			productReference = ED1619BE24A3B847003ACBE3 /* FlixTests.xctest */;
			productType = "com.apple.product-type.bundle.unit-test";
		};
		ED1619C824A3B847003ACBE3 /* FlixUITests */ = {
			isa = PBXNativeTarget;
			buildConfigurationList = ED1619D824A3B847003ACBE3 /* Build configuration list for PBXNativeTarget "FlixUITests" */;
			buildPhases = (
				A01AE9E0727233E2A60A970A /* [CP] Check Pods Manifest.lock */,
				ED1619C524A3B847003ACBE3 /* Sources */,
				ED1619C624A3B847003ACBE3 /* Frameworks */,
				ED1619C724A3B847003ACBE3 /* Resources */,
				7FC78034E1FBA97AB1FB012E /* [CP] Embed Pods Frameworks */,
			);
			buildRules = (
			);
			dependencies = (
				ED1619CB24A3B847003ACBE3 /* PBXTargetDependency */,
			);
			name = FlixUITests;
			productName = FlixUITests;
			productReference = ED1619C924A3B847003ACBE3 /* FlixUITests.xctest */;
			productType = "com.apple.product-type.bundle.ui-testing";
		};
/* End PBXNativeTarget section */

/* Begin PBXProject section */
		ED16199B24A3B847003ACBE3 /* Project object */ = {
			isa = PBXProject;
			attributes = {
				LastUpgradeCheck = 1150;
				ORGANIZATIONNAME = "Fernando Arturo Perez";
				TargetAttributes = {
					ED1619A224A3B847003ACBE3 = {
						CreatedOnToolsVersion = 11.5;
					};
					ED1619BD24A3B847003ACBE3 = {
						CreatedOnToolsVersion = 11.5;
						TestTargetID = ED1619A224A3B847003ACBE3;
					};
					ED1619C824A3B847003ACBE3 = {
						CreatedOnToolsVersion = 11.5;
						TestTargetID = ED1619A224A3B847003ACBE3;
					};
				};
			};
			buildConfigurationList = ED16199E24A3B847003ACBE3 /* Build configuration list for PBXProject "Flix" */;
			compatibilityVersion = "Xcode 9.3";
			developmentRegion = en;
			hasScannedForEncodings = 0;
			knownRegions = (
				en,
				Base,
			);
			mainGroup = ED16199A24A3B847003ACBE3;
			productRefGroup = ED1619A424A3B847003ACBE3 /* Products */;
			projectDirPath = "";
			projectRoot = "";
			targets = (
				ED1619A224A3B847003ACBE3 /* Flix */,
				ED1619BD24A3B847003ACBE3 /* FlixTests */,
				ED1619C824A3B847003ACBE3 /* FlixUITests */,
			);
		};
/* End PBXProject section */

/* Begin PBXResourcesBuildPhase section */
		ED1619A124A3B847003ACBE3 /* Resources */ = {
			isa = PBXResourcesBuildPhase;
			buildActionMask = 2147483647;
			files = (
				ED1619B624A3B847003ACBE3 /* LaunchScreen.storyboard in Resources */,
				ED1619B324A3B847003ACBE3 /* Assets.xcassets in Resources */,
				ED1619B124A3B847003ACBE3 /* Main.storyboard in Resources */,
			);
			runOnlyForDeploymentPostprocessing = 0;
		};
		ED1619BC24A3B847003ACBE3 /* Resources */ = {
			isa = PBXResourcesBuildPhase;
			buildActionMask = 2147483647;
			files = (
			);
			runOnlyForDeploymentPostprocessing = 0;
		};
		ED1619C724A3B847003ACBE3 /* Resources */ = {
			isa = PBXResourcesBuildPhase;
			buildActionMask = 2147483647;
			files = (
			);
			runOnlyForDeploymentPostprocessing = 0;
		};
/* End PBXResourcesBuildPhase section */

/* Begin PBXShellScriptBuildPhase section */
		48862B58E9173DF122362FD2 /* [CP] Check Pods Manifest.lock */ = {
			isa = PBXShellScriptBuildPhase;
			buildActionMask = 2147483647;
			files = (
			);
			inputFileListPaths = (
			);
			inputPaths = (
				"${PODS_PODFILE_DIR_PATH}/Podfile.lock",
				"${PODS_ROOT}/Manifest.lock",
			);
			name = "[CP] Check Pods Manifest.lock";
			outputFileListPaths = (
			);
			outputPaths = (
				"$(DERIVED_FILE_DIR)/Pods-Flix-checkManifestLockResult.txt",
			);
			runOnlyForDeploymentPostprocessing = 0;
			shellPath = /bin/sh;
			shellScript = "diff \"${PODS_PODFILE_DIR_PATH}/Podfile.lock\" \"${PODS_ROOT}/Manifest.lock\" > /dev/null\nif [ $? != 0 ] ; then\n    # print error to STDERR\n    echo \"error: The sandbox is not in sync with the Podfile.lock. Run 'pod install' or update your CocoaPods installation.\" >&2\n    exit 1\nfi\n# This output is used by Xcode 'outputs' to avoid re-running this script phase.\necho \"SUCCESS\" > \"${SCRIPT_OUTPUT_FILE_0}\"\n";
			showEnvVarsInLog = 0;
		};
		71FEF9DBC5BF4506AE8FFD1A /* [CP] Check Pods Manifest.lock */ = {
			isa = PBXShellScriptBuildPhase;
			buildActionMask = 2147483647;
			files = (
			);
			inputFileListPaths = (
			);
			inputPaths = (
				"${PODS_PODFILE_DIR_PATH}/Podfile.lock",
				"${PODS_ROOT}/Manifest.lock",
			);
			name = "[CP] Check Pods Manifest.lock";
			outputFileListPaths = (
			);
			outputPaths = (
				"$(DERIVED_FILE_DIR)/Pods-FlixTests-checkManifestLockResult.txt",
			);
			runOnlyForDeploymentPostprocessing = 0;
			shellPath = /bin/sh;
			shellScript = "diff \"${PODS_PODFILE_DIR_PATH}/Podfile.lock\" \"${PODS_ROOT}/Manifest.lock\" > /dev/null\nif [ $? != 0 ] ; then\n    # print error to STDERR\n    echo \"error: The sandbox is not in sync with the Podfile.lock. Run 'pod install' or update your CocoaPods installation.\" >&2\n    exit 1\nfi\n# This output is used by Xcode 'outputs' to avoid re-running this script phase.\necho \"SUCCESS\" > \"${SCRIPT_OUTPUT_FILE_0}\"\n";
			showEnvVarsInLog = 0;
		};
		7FC78034E1FBA97AB1FB012E /* [CP] Embed Pods Frameworks */ = {
			isa = PBXShellScriptBuildPhase;
			buildActionMask = 2147483647;
			files = (
			);
			inputFileListPaths = (
				"${PODS_ROOT}/Target Support Files/Pods-Flix-FlixUITests/Pods-Flix-FlixUITests-frameworks-${CONFIGURATION}-input-files.xcfilelist",
			);
			name = "[CP] Embed Pods Frameworks";
			outputFileListPaths = (
				"${PODS_ROOT}/Target Support Files/Pods-Flix-FlixUITests/Pods-Flix-FlixUITests-frameworks-${CONFIGURATION}-output-files.xcfilelist",
			);
			runOnlyForDeploymentPostprocessing = 0;
			shellPath = /bin/sh;
			shellScript = "\"${PODS_ROOT}/Target Support Files/Pods-Flix-FlixUITests/Pods-Flix-FlixUITests-frameworks.sh\"\n";
			showEnvVarsInLog = 0;
		};
		A01AE9E0727233E2A60A970A /* [CP] Check Pods Manifest.lock */ = {
			isa = PBXShellScriptBuildPhase;
			buildActionMask = 2147483647;
			files = (
			);
			inputFileListPaths = (
			);
			inputPaths = (
				"${PODS_PODFILE_DIR_PATH}/Podfile.lock",
				"${PODS_ROOT}/Manifest.lock",
			);
			name = "[CP] Check Pods Manifest.lock";
			outputFileListPaths = (
			);
			outputPaths = (
				"$(DERIVED_FILE_DIR)/Pods-Flix-FlixUITests-checkManifestLockResult.txt",
			);
			runOnlyForDeploymentPostprocessing = 0;
			shellPath = /bin/sh;
			shellScript = "diff \"${PODS_PODFILE_DIR_PATH}/Podfile.lock\" \"${PODS_ROOT}/Manifest.lock\" > /dev/null\nif [ $? != 0 ] ; then\n    # print error to STDERR\n    echo \"error: The sandbox is not in sync with the Podfile.lock. Run 'pod install' or update your CocoaPods installation.\" >&2\n    exit 1\nfi\n# This output is used by Xcode 'outputs' to avoid re-running this script phase.\necho \"SUCCESS\" > \"${SCRIPT_OUTPUT_FILE_0}\"\n";
			showEnvVarsInLog = 0;
		};
		D89A058E9AF095F566A2245A /* [CP] Embed Pods Frameworks */ = {
			isa = PBXShellScriptBuildPhase;
			buildActionMask = 2147483647;
			files = (
			);
			inputFileListPaths = (
				"${PODS_ROOT}/Target Support Files/Pods-Flix/Pods-Flix-frameworks-${CONFIGURATION}-input-files.xcfilelist",
			);
			name = "[CP] Embed Pods Frameworks";
			outputFileListPaths = (
				"${PODS_ROOT}/Target Support Files/Pods-Flix/Pods-Flix-frameworks-${CONFIGURATION}-output-files.xcfilelist",
			);
			runOnlyForDeploymentPostprocessing = 0;
			shellPath = /bin/sh;
			shellScript = "\"${PODS_ROOT}/Target Support Files/Pods-Flix/Pods-Flix-frameworks.sh\"\n";
			showEnvVarsInLog = 0;
		};
/* End PBXShellScriptBuildPhase section */

/* Begin PBXSourcesBuildPhase section */
		ED16199F24A3B847003ACBE3 /* Sources */ = {
			isa = PBXSourcesBuildPhase;
			buildActionMask = 2147483647;
			files = (
				ED1619A824A3B847003ACBE3 /* AppDelegate.m in Sources */,
				EDDCC36A24A3F6D4003AAD45 /* MovieCell.m in Sources */,
				ED1619DD24A3C3F7003ACBE3 /* MoviesViewController.m in Sources */,
				EDA06F3324A53D4E0085A94F /* DetailsViewController.m in Sources */,
				EDA06F3924A598FC0085A94F /* MovieCollectionCell.m in Sources */,
				ED1619B924A3B847003ACBE3 /* main.m in Sources */,
				ED1619AB24A3B847003ACBE3 /* SceneDelegate.m in Sources */,
				EDA06F3624A590A00085A94F /* MoviesGridViewController.m in Sources */,
			);
			runOnlyForDeploymentPostprocessing = 0;
		};
		ED1619BA24A3B847003ACBE3 /* Sources */ = {
			isa = PBXSourcesBuildPhase;
			buildActionMask = 2147483647;
			files = (
				ED1619C324A3B847003ACBE3 /* FlixTests.m in Sources */,
			);
			runOnlyForDeploymentPostprocessing = 0;
		};
		ED1619C524A3B847003ACBE3 /* Sources */ = {
			isa = PBXSourcesBuildPhase;
			buildActionMask = 2147483647;
			files = (
				ED1619CE24A3B847003ACBE3 /* FlixUITests.m in Sources */,
			);
			runOnlyForDeploymentPostprocessing = 0;
		};
/* End PBXSourcesBuildPhase section */

/* Begin PBXTargetDependency section */
		ED1619C024A3B847003ACBE3 /* PBXTargetDependency */ = {
			isa = PBXTargetDependency;
			target = ED1619A224A3B847003ACBE3 /* Flix */;
			targetProxy = ED1619BF24A3B847003ACBE3 /* PBXContainerItemProxy */;
		};
		ED1619CB24A3B847003ACBE3 /* PBXTargetDependency */ = {
			isa = PBXTargetDependency;
			target = ED1619A224A3B847003ACBE3 /* Flix */;
			targetProxy = ED1619CA24A3B847003ACBE3 /* PBXContainerItemProxy */;
		};
/* End PBXTargetDependency section */

/* Begin PBXVariantGroup section */
		ED1619AF24A3B847003ACBE3 /* Main.storyboard */ = {
			isa = PBXVariantGroup;
			children = (
				ED1619B024A3B847003ACBE3 /* Base */,
			);
			name = Main.storyboard;
			sourceTree = "<group>";
		};
		ED1619B424A3B847003ACBE3 /* LaunchScreen.storyboard */ = {
			isa = PBXVariantGroup;
			children = (
				ED1619B524A3B847003ACBE3 /* Base */,
			);
			name = LaunchScreen.storyboard;
			sourceTree = "<group>";
		};
/* End PBXVariantGroup section */

/* Begin XCBuildConfiguration section */
		ED1619D024A3B847003ACBE3 /* Debug */ = {
			isa = XCBuildConfiguration;
			buildSettings = {
				ALWAYS_SEARCH_USER_PATHS = NO;
				CLANG_ANALYZER_NONNULL = YES;
				CLANG_ANALYZER_NUMBER_OBJECT_CONVERSION = YES_AGGRESSIVE;
				CLANG_CXX_LANGUAGE_STANDARD = "gnu++14";
				CLANG_CXX_LIBRARY = "libc++";
				CLANG_ENABLE_MODULES = YES;
				CLANG_ENABLE_OBJC_ARC = YES;
				CLANG_ENABLE_OBJC_WEAK = YES;
				CLANG_WARN_BLOCK_CAPTURE_AUTORELEASING = YES;
				CLANG_WARN_BOOL_CONVERSION = YES;
				CLANG_WARN_COMMA = YES;
				CLANG_WARN_CONSTANT_CONVERSION = YES;
				CLANG_WARN_DEPRECATED_OBJC_IMPLEMENTATIONS = YES;
				CLANG_WARN_DIRECT_OBJC_ISA_USAGE = YES_ERROR;
				CLANG_WARN_DOCUMENTATION_COMMENTS = YES;
				CLANG_WARN_EMPTY_BODY = YES;
				CLANG_WARN_ENUM_CONVERSION = YES;
				CLANG_WARN_INFINITE_RECURSION = YES;
				CLANG_WARN_INT_CONVERSION = YES;
				CLANG_WARN_NON_LITERAL_NULL_CONVERSION = YES;
				CLANG_WARN_OBJC_IMPLICIT_RETAIN_SELF = YES;
				CLANG_WARN_OBJC_LITERAL_CONVERSION = YES;
				CLANG_WARN_OBJC_ROOT_CLASS = YES_ERROR;
				CLANG_WARN_RANGE_LOOP_ANALYSIS = YES;
				CLANG_WARN_STRICT_PROTOTYPES = YES;
				CLANG_WARN_SUSPICIOUS_MOVE = YES;
				CLANG_WARN_UNGUARDED_AVAILABILITY = YES_AGGRESSIVE;
				CLANG_WARN_UNREACHABLE_CODE = YES;
				CLANG_WARN__DUPLICATE_METHOD_MATCH = YES;
				COPY_PHASE_STRIP = NO;
				DEBUG_INFORMATION_FORMAT = dwarf;
				ENABLE_STRICT_OBJC_MSGSEND = YES;
				ENABLE_TESTABILITY = YES;
				GCC_C_LANGUAGE_STANDARD = gnu11;
				GCC_DYNAMIC_NO_PIC = NO;
				GCC_NO_COMMON_BLOCKS = YES;
				GCC_OPTIMIZATION_LEVEL = 0;
				GCC_PREPROCESSOR_DEFINITIONS = (
					"DEBUG=1",
					"$(inherited)",
				);
				GCC_WARN_64_TO_32_BIT_CONVERSION = YES;
				GCC_WARN_ABOUT_RETURN_TYPE = YES_ERROR;
				GCC_WARN_UNDECLARED_SELECTOR = YES;
				GCC_WARN_UNINITIALIZED_AUTOS = YES_AGGRESSIVE;
				GCC_WARN_UNUSED_FUNCTION = YES;
				GCC_WARN_UNUSED_VARIABLE = YES;
				IPHONEOS_DEPLOYMENT_TARGET = 13.5;
				MTL_ENABLE_DEBUG_INFO = INCLUDE_SOURCE;
				MTL_FAST_MATH = YES;
				ONLY_ACTIVE_ARCH = YES;
				SDKROOT = iphoneos;
			};
			name = Debug;
		};
		ED1619D124A3B847003ACBE3 /* Release */ = {
			isa = XCBuildConfiguration;
			buildSettings = {
				ALWAYS_SEARCH_USER_PATHS = NO;
				CLANG_ANALYZER_NONNULL = YES;
				CLANG_ANALYZER_NUMBER_OBJECT_CONVERSION = YES_AGGRESSIVE;
				CLANG_CXX_LANGUAGE_STANDARD = "gnu++14";
				CLANG_CXX_LIBRARY = "libc++";
				CLANG_ENABLE_MODULES = YES;
				CLANG_ENABLE_OBJC_ARC = YES;
				CLANG_ENABLE_OBJC_WEAK = YES;
				CLANG_WARN_BLOCK_CAPTURE_AUTORELEASING = YES;
				CLANG_WARN_BOOL_CONVERSION = YES;
				CLANG_WARN_COMMA = YES;
				CLANG_WARN_CONSTANT_CONVERSION = YES;
				CLANG_WARN_DEPRECATED_OBJC_IMPLEMENTATIONS = YES;
				CLANG_WARN_DIRECT_OBJC_ISA_USAGE = YES_ERROR;
				CLANG_WARN_DOCUMENTATION_COMMENTS = YES;
				CLANG_WARN_EMPTY_BODY = YES;
				CLANG_WARN_ENUM_CONVERSION = YES;
				CLANG_WARN_INFINITE_RECURSION = YES;
				CLANG_WARN_INT_CONVERSION = YES;
				CLANG_WARN_NON_LITERAL_NULL_CONVERSION = YES;
				CLANG_WARN_OBJC_IMPLICIT_RETAIN_SELF = YES;
				CLANG_WARN_OBJC_LITERAL_CONVERSION = YES;
				CLANG_WARN_OBJC_ROOT_CLASS = YES_ERROR;
				CLANG_WARN_RANGE_LOOP_ANALYSIS = YES;
				CLANG_WARN_STRICT_PROTOTYPES = YES;
				CLANG_WARN_SUSPICIOUS_MOVE = YES;
				CLANG_WARN_UNGUARDED_AVAILABILITY = YES_AGGRESSIVE;
				CLANG_WARN_UNREACHABLE_CODE = YES;
				CLANG_WARN__DUPLICATE_METHOD_MATCH = YES;
				COPY_PHASE_STRIP = NO;
				DEBUG_INFORMATION_FORMAT = "dwarf-with-dsym";
				ENABLE_NS_ASSERTIONS = NO;
				ENABLE_STRICT_OBJC_MSGSEND = YES;
				GCC_C_LANGUAGE_STANDARD = gnu11;
				GCC_NO_COMMON_BLOCKS = YES;
				GCC_WARN_64_TO_32_BIT_CONVERSION = YES;
				GCC_WARN_ABOUT_RETURN_TYPE = YES_ERROR;
				GCC_WARN_UNDECLARED_SELECTOR = YES;
				GCC_WARN_UNINITIALIZED_AUTOS = YES_AGGRESSIVE;
				GCC_WARN_UNUSED_FUNCTION = YES;
				GCC_WARN_UNUSED_VARIABLE = YES;
				IPHONEOS_DEPLOYMENT_TARGET = 13.5;
				MTL_ENABLE_DEBUG_INFO = NO;
				MTL_FAST_MATH = YES;
				SDKROOT = iphoneos;
				VALIDATE_PRODUCT = YES;
			};
			name = Release;
		};
		ED1619D324A3B847003ACBE3 /* Debug */ = {
			isa = XCBuildConfiguration;
			baseConfigurationReference = 676301B339C694BA23971109 /* Pods-Flix.debug.xcconfig */;
			buildSettings = {
				ASSETCATALOG_COMPILER_APPICON_NAME = AppIcon;
				CODE_SIGN_STYLE = Automatic;
				DEVELOPMENT_TEAM = PJ7DRG669N;
				INFOPLIST_FILE = Flix/Info.plist;
				LD_RUNPATH_SEARCH_PATHS = (
					"$(inherited)",
					"@executable_path/Frameworks",
				);
				PRODUCT_BUNDLE_IDENTIFIER = com.fernandoa.Flix;
				PRODUCT_NAME = "$(TARGET_NAME)";
				TARGETED_DEVICE_FAMILY = "1,2";
			};
			name = Debug;
		};
		ED1619D424A3B847003ACBE3 /* Release */ = {
			isa = XCBuildConfiguration;
			baseConfigurationReference = 9559E55CADFDDF9EF1AC58DB /* Pods-Flix.release.xcconfig */;
			buildSettings = {
				ASSETCATALOG_COMPILER_APPICON_NAME = AppIcon;
				CODE_SIGN_STYLE = Automatic;
				DEVELOPMENT_TEAM = PJ7DRG669N;
				INFOPLIST_FILE = Flix/Info.plist;
				LD_RUNPATH_SEARCH_PATHS = (
					"$(inherited)",
					"@executable_path/Frameworks",
				);
				PRODUCT_BUNDLE_IDENTIFIER = com.fernandoa.Flix;
				PRODUCT_NAME = "$(TARGET_NAME)";
				TARGETED_DEVICE_FAMILY = "1,2";
			};
			name = Release;
		};
		ED1619D624A3B847003ACBE3 /* Debug */ = {
			isa = XCBuildConfiguration;
			baseConfigurationReference = E7039E7F79FE6BE5FEF56F8C /* Pods-FlixTests.debug.xcconfig */;
			buildSettings = {
				BUNDLE_LOADER = "$(TEST_HOST)";
				CODE_SIGN_STYLE = Automatic;
				DEVELOPMENT_TEAM = PJ7DRG669N;
				INFOPLIST_FILE = FlixTests/Info.plist;
				IPHONEOS_DEPLOYMENT_TARGET = 13.5;
				LD_RUNPATH_SEARCH_PATHS = (
					"$(inherited)",
					"@executable_path/Frameworks",
					"@loader_path/Frameworks",
				);
				PRODUCT_BUNDLE_IDENTIFIER = com.fernandoa.FlixTests;
				PRODUCT_NAME = "$(TARGET_NAME)";
				TARGETED_DEVICE_FAMILY = "1,2";
				TEST_HOST = "$(BUILT_PRODUCTS_DIR)/Flix.app/Flix";
			};
			name = Debug;
		};
		ED1619D724A3B847003ACBE3 /* Release */ = {
			isa = XCBuildConfiguration;
			baseConfigurationReference = 4E844EEF1EE68CA4E7E124EF /* Pods-FlixTests.release.xcconfig */;
			buildSettings = {
				BUNDLE_LOADER = "$(TEST_HOST)";
				CODE_SIGN_STYLE = Automatic;
				DEVELOPMENT_TEAM = PJ7DRG669N;
				INFOPLIST_FILE = FlixTests/Info.plist;
				IPHONEOS_DEPLOYMENT_TARGET = 13.5;
				LD_RUNPATH_SEARCH_PATHS = (
					"$(inherited)",
					"@executable_path/Frameworks",
					"@loader_path/Frameworks",
				);
				PRODUCT_BUNDLE_IDENTIFIER = com.fernandoa.FlixTests;
				PRODUCT_NAME = "$(TARGET_NAME)";
				TARGETED_DEVICE_FAMILY = "1,2";
				TEST_HOST = "$(BUILT_PRODUCTS_DIR)/Flix.app/Flix";
			};
			name = Release;
		};
		ED1619D924A3B847003ACBE3 /* Debug */ = {
			isa = XCBuildConfiguration;
			baseConfigurationReference = 2CB6806E64D99D2C2B370B41 /* Pods-Flix-FlixUITests.debug.xcconfig */;
			buildSettings = {
				CODE_SIGN_STYLE = Automatic;
				DEVELOPMENT_TEAM = PJ7DRG669N;
				INFOPLIST_FILE = FlixUITests/Info.plist;
				LD_RUNPATH_SEARCH_PATHS = (
					"$(inherited)",
					"@executable_path/Frameworks",
					"@loader_path/Frameworks",
				);
				PRODUCT_BUNDLE_IDENTIFIER = com.fernandoa.FlixUITests;
				PRODUCT_NAME = "$(TARGET_NAME)";
				TARGETED_DEVICE_FAMILY = "1,2";
				TEST_TARGET_NAME = Flix;
			};
			name = Debug;
		};
		ED1619DA24A3B847003ACBE3 /* Release */ = {
			isa = XCBuildConfiguration;
			baseConfigurationReference = 23445A48CB61D79079997B34 /* Pods-Flix-FlixUITests.release.xcconfig */;
			buildSettings = {
				CODE_SIGN_STYLE = Automatic;
				DEVELOPMENT_TEAM = PJ7DRG669N;
				INFOPLIST_FILE = FlixUITests/Info.plist;
				LD_RUNPATH_SEARCH_PATHS = (
					"$(inherited)",
					"@executable_path/Frameworks",
					"@loader_path/Frameworks",
				);
				PRODUCT_BUNDLE_IDENTIFIER = com.fernandoa.FlixUITests;
				PRODUCT_NAME = "$(TARGET_NAME)";
				TARGETED_DEVICE_FAMILY = "1,2";
				TEST_TARGET_NAME = Flix;
			};
			name = Release;
		};
/* End XCBuildConfiguration section */

/* Begin XCConfigurationList section */
		ED16199E24A3B847003ACBE3 /* Build configuration list for PBXProject "Flix" */ = {
			isa = XCConfigurationList;
			buildConfigurations = (
				ED1619D024A3B847003ACBE3 /* Debug */,
				ED1619D124A3B847003ACBE3 /* Release */,
			);
			defaultConfigurationIsVisible = 0;
			defaultConfigurationName = Release;
		};
		ED1619D224A3B847003ACBE3 /* Build configuration list for PBXNativeTarget "Flix" */ = {
			isa = XCConfigurationList;
			buildConfigurations = (
				ED1619D324A3B847003ACBE3 /* Debug */,
				ED1619D424A3B847003ACBE3 /* Release */,
			);
			defaultConfigurationIsVisible = 0;
			defaultConfigurationName = Release;
		};
		ED1619D524A3B847003ACBE3 /* Build configuration list for PBXNativeTarget "FlixTests" */ = {
			isa = XCConfigurationList;
			buildConfigurations = (
				ED1619D624A3B847003ACBE3 /* Debug */,
				ED1619D724A3B847003ACBE3 /* Release */,
			);
			defaultConfigurationIsVisible = 0;
			defaultConfigurationName = Release;
		};
		ED1619D824A3B847003ACBE3 /* Build configuration list for PBXNativeTarget "FlixUITests" */ = {
			isa = XCConfigurationList;
			buildConfigurations = (
				ED1619D924A3B847003ACBE3 /* Debug */,
				ED1619DA24A3B847003ACBE3 /* Release */,
			);
			defaultConfigurationIsVisible = 0;
			defaultConfigurationName = Release;
		};
/* End XCConfigurationList section */
	};
	rootObject = ED16199B24A3B847003ACBE3 /* Project object */;
}
